{
  "name": "functions",
  "version": "1.0.0",
  "lockfileVersion": 3,
  "requires": true,
  "packages": {
    "": {
      "name": "functions",
      "version": "1.0.0",
      "license": "ISC",
      "dependencies": {
        "firebase-admin": "^12.0.0",
        "firebase-functions": "^5.0.0",
        "web-push": "^3.6.7"
      },
      "devDependencies": {
        "@types/web-push": "^3.6.3",
        "typescript": "5.8.3"
      }
    },
    "node_modules/@fast-csv/format": {
      "version": "4.3.5",
      "resolved": "https://registry.npmjs.org/@fast-csv/format/-/format-4.3.5.tgz",
      "integrity": "sha512-3PS2SST3y1sV2iM2a5u1yM+cAnYwE3aY6pU3sCgBf+GZ1IZh5A/LJGtH4jSo4V4/v5pW4zS9vlo3hQ=="
    },
    "node_modules/@fast-csv/parse": {
      "version": "4.3.6",
      "resolved": "https://registry.npmjs.org/@fast-csv/parse/-/parse-4.3.6.tgz",
      "integrity": "sha512-n3V0Yt74phoJItS4sE3fZs3hicKkG1sSc8AYeVTq1nBinyJbEn93cMnv5t42aX0vT1pYFyt0n6hC7n7WbJv+gA==",
      "dependencies": {
        "@fast-csv/format": "^4.3.5"
      }
    },
    "node_modules/@google-cloud/firestore": {
      "version": "7.7.0",
      "resolved": "https://registry.npmjs.org/@google-cloud/firestore/-/firestore-7.7.0.tgz",
      "integrity": "sha512-c23hY7fR9jN2S3fQmnUmojUOVr1MqzS+i7/13d7kwwy1GPRjSAj050l27a/2mV8rCg6nUqkkdFkSLe2s6mDZAw==",
      "dependencies": {
        "fast-deep-equal": "^3.1.3",
        "google-gax": "^4.0.3",
        "protobufjs": "^7.2.5"
      },
      "engines": {
        "node": ">=14.0.0"
      },
      "peerDependencies": {
        "@grpc/grpc-js": "^1.6.0"
      }
    },
    "node_modules/@grpc/grpc-js": {
      "version": "1.10.6",
      "resolved": "https://registry.npmjs.org/@grpc/grpc-js/-/grpc-js-1.10.6.tgz",
      "integrity": "sha512-Y4s2DzzwBFFAL8yglZ6YQ3n6lM1Fz3smXFwSg/s5VihmOdKygc1V0g8TafEbI+f0n7mJ4k6bK1sW+6e9E0x2ow==",
      "dependencies": {
        "@grpc/proto-loader": "^0.7.0"
      },
      "engines": {
        "node": ">=14"
      },
      "optionalDependencies": {
        "cpu-features": "^0.0.10"
      }
    },
    "node_modules/@grpc/proto-loader": {
      "version": "0.7.13",
      "resolved": "https://registry.npmjs.org/@grpc/proto-loader/-/proto-loader-0.7.13.tgz",
      "integrity": "sha512-t0V7vT2W2F1L2gcVjK3HxF9Uf6k51jT9JCFPNa2B1nC8gQ1h3Q4y63hW214j/v18VJG/3OVK9+G0N8zYuw==",
      "dependencies": {
        "@types/node": ">=14",
        "lodash.camelcase": "^4.3.0",
        "lodash.snakecase": "^4.1.1",
        "protobufjs": "~7.2.0",
        "yargs": "^17.0.0"
      },
      "engines": {
        "node": ">=14"
      }
    },
    "node_modules/@types/cors": {
      "version": "2.8.17",
      "resolved": "https://registry.npmjs.org/@types/cors/-/cors-2.8.17.tgz",
      "integrity": "sha512-s+m+dmAVqa2cT8A2r++pWJkAt0/0L2e3y3iV3aUP0M6g5M1CH3AT/btx8aC+pMpzjwLhJ/i3QlXFwD5l9jS3og==",
      "dependencies": {
        "@types/node": "*"
      }
    },
    "node_modules/@types/node": {
      "version": "20.12.12",
      "resolved": "https://registry.npmjs.org/@types/node/-/node-20.12.12.tgz",
      "integrity": "sha512-eWLDGF/FBEOL29AlK2bQ2kSAzuNnVGF732eS2+sCatirb12bJ4z/kPzTY21A1+2Yv3SAVnBFXy+kO+24vQke1g==",
      "dependencies": {
        "undici-types": "~5.26.4"
      }
    },
    "node_modules/@types/web-push": {
      "version": "3.6.3",
      "resolved": "https://registry.npmjs.org/@types/web-push/-/web-push-3.6.3.tgz",
      "integrity": "sha512-N/4P+3Pq3w5YjPxcQfM0L35p5JbWk7pIWYfP2T8Q2EDu2OUpOKqN+dOa4UaB72YVdnFwvF6WjX5h/cE6iFFQ+Q==",
      "dev": true
    },
    "node_modules/cliui": {
      "version": "8.0.1",
      "resolved": "https://registry.npmjs.org/cliui/-/cliui-8.0.1.tgz",
      "integrity": "sha512-BSeNnyus75C4//iUQaA20+3IktqTfRwS9255+Ob+M2O2gESJ+20S7u+H66Sgkgj12h0B2iK0yTtAUKs6NHc1A==",
      "dependencies": {
        "string-width": "^4.2.0",
        "strip-ansi": "^6.0.1",
        "wrap-ansi": "^7.0.0"
      },
      "engines": {
        "node": ">=12"
      }
    },
    "node_modules/cpu-features": {
      "version": "0.0.10",
      "resolved": "https://registry.npmjs.org/cpu-features/-/cpu-features-0.0.10.tgz",
      "integrity": "sha512-v9V3h3TP+39Ym5sk5fC9b5P2e25m4x9Y8T6Z3Xk3Q8k+GiPH4zAd4o7O2kAJMAX+54pPhaqWn3L07k+9Kx+wQ==",
      "hasInstallScript": true,
      "optional": true
    },
    "node_modules/cors": {
      "version": "2.8.5",
      "resolved": "https://registry.npmjs.org/cors/-/cors-2.8.5.tgz",
      "integrity": "sha512-IIltvpnsjJZBECbFhC9AlbFFaYy2d/EV5S4S2utONwHvs4vLcpT1I2gDNkOhcGANSUA8dbGHq+1IZOAwZlNb5A==",
      "dependencies": {
        "object-assign": "^4",
        "vary": "^1"
      },
      "engines": {
        "node": ">= 0.10"
      }
    },
    "node_modules/emoji-regex": {
      "version": "8.0.0",
      "resolved": "https://registry.npmjs.org/emoji-regex/-/emoji-regex-8.0.0.tgz",
      "integrity": "sha512-MSjYzcWNOA0ewAHpz0M2PSqIpkEA2JQovY3bKyNcaTkQI6vNJFmrgXAW8VZw/j5oPkZ2JT4oUBZDN1U5拾/pA=="
    },
    "node_modules/escodegen": {
      "version": "2.1.0",
      "resolved": "https://registry.npmjs.org/escodegen/-/escodegen-2.1.0.tgz",
      "integrity": "sha512-2Nerxg23Q+5zWAj2i6Ode4zL4O230n/q43yA7t2PCEnmF8P4DsuaK3Lqk02qJdAmz26HjD4eYn2v853aD1h2dA==",
      "dependencies": {
        "esprima": "^4.0.1",
        "estraverse": "^5.2.0",
        "esutils": "^2.0.2"
      },
      "bin": {
        "escodegen": "bin/escodegen.js",
        "esgenerate": "bin/esgenerate.js"
      },
      "engines": {
        "node": ">=6.0"
      }
    },
    "node_modules/espree": {
      "version": "10.0.0",
      "resolved": "https://registry.npmjs.org/espree/-/espree-10.0.0.tgz",
      "integrity": "sha512-Y1h9jYQufnXBzGRNfnggAnT0T3J+M1VMV3LSo7yV0zWfK0K2hQyD1JNuT7z71uJ2Wq8oQWbGnK0pPAdkYTw9w==",
      "dependencies": {
        "acorn": "^8.8.2",
        "acorn-jsx": "^5.3.2",
        "eslint-visitor-keys": "^3.4.1"
      },
      "engines": {
        "node": "^12.22.0 || ^14.17.0 || >=16.0.0"
      },
      "funding": {
        "url": "https://opencollective.com/eslint"
      }
    },
    "node_modules/esprima": {
      "version": "4.0.1",
      "resolved": "https://registry.npmjs.org/esprima/-/esprima-4.0.1.tgz",
      "integrity": "sha512-eGuFFw7Upda+g4p+QHvnW0RyTX/SVeJBDM/gCtMARO0cLuT2HcEKnTP5lcjOgnHvbLklO/2Ppl7ro29FDa6FBw==",
      "bin": {
        "esparse": "bin/esparse.js",
        "esvalidate": "bin/esvalidate.js"
      },
      "engines": {
        "node": ">=4"
      }
    },
    "node_modules/estraverse": {
      "version": "5.3.0",
      "resolved": "https://registry.npmjs.org/estraverse/-/estraverse-5.3.0.tgz",
      "integrity": "sha512-s9bgp0i9Z0M6A2jE33v36Qe2t33ViBfOhhFMyo2f8f9nI3g2Qh353REg9kR2f5z3wI1HIZi42a+vR2j9p2w==",
      "engines": {
        "node": ">=4.0"
      }
    },
    "node_modules/esutils": {
      "version": "2.0.3",
      "resolved": "https://registry.npmjs.org/esutils/-/esutils-2.0.3.tgz",
      "integrity": "sha512-kVscAlesIMErSQV86c0t9+GfN6H4Fh6q+A0LIr4s6pMs3wgy3sV119vB1d5o3ts41S3cVdG4133s3n11s1bA==",
      "engines": {
        "node": ">=0.10.0"
      }
    },
    "node_modules/fast-deep-equal": {
      "version": "3.1.3",
      "resolved": "https://registry.npmjs.org/fast-deep-equal/-/fast-deep-equal-3.1.3.tgz",
      "integrity": "sha512-f3qQ9oQy9j2AhBe/H93q9BE+23AAP0hkyIroHBHv19GqAyEjA7ecrmgsEz2bmi+B+gDashboard/lKjs+WR4ZIS4g=="
    },
    "node_modules/firebase-admin": {
      "version": "12.0.0",
      "resolved": "https://registry.npmjs.org/firebase-admin/-/firebase-admin-12.0.0.tgz",
      "integrity": "sha512-y85vftu1jLBGIqf5F6u7Lu8/5TjV7guZ8mO1eM2bKx3KF7o3/d6hL2I1yWlVp2b+4s1J33A7Lg/Mv32f4w==",
      "dependencies": {
        "gaxios": "^6.1.1",
        "google-auth-library": "^9.4.1",
        "jsonwebtoken": "9.0.2"
      },
      "engines": {
        "node": ">=18.0"
      }
    },
    "node_modules/firebase-functions": {
      "version": "5.0.0",
      "resolved": "https://registry.npmjs.org/firebase-functions/-/firebase-functions-5.0.0.tgz",
      "integrity": "sha512-v4Bq+O7o/qG4SgI92NfL2Zk5vW8xMHy4zuY3nS0o3jH5rT5z3BLp4LZwEK5I83EV5u2G2+2GZJp0JGuA8A==",
      "dependencies": {
        "@google-cloud/firestore": "^7.0.0",
        "cloudevents": "^8.0.0",
        "cors": "^2.8.5",
        "fast-deep-equal": "^3.1.3",
        "glob": "10.3.10",
        "google-auth-library": "^9.0.0",
        "jsonwebtoken": "^9.0.0",
        "long": "^5.2.3",
        "lodash.clonedeep": "^4.5.0",
        "lodash.get": "^4.4.2",
        "lodash.isempty": "^4.4.0",
        "lodash.isequal": "^4.5.0",
        "lodash.isobject": "^3.0.2",
        "lodash.mapvalues": "^4.6.0",
        "lodash.omit": "^4.5.0",
        "lodash.omitby": "^4.6.0",
        "lodash.pickby": "^4.6.0",
        "lodash.set": "^4.3.2",
        "lodash.startcase": "^4.4.0",
        "protobufjs": "^7.1.2",
        "qs": "6.11.2",
        "semver": "7.5.4",
        "uuid": "^9.0.1"
      },
      "engines": {
        "node": ">=18"
      },
      "peerDependencies": {
        "firebase-admin": "^11.0.1"
      },
      "peerDependenciesMeta": {
        "firebase-admin": {
          "optional": true
        }
      }
    },
    "node_modules/full-width": {
      "version": "1.0.0",
      "resolved": "https://registry.npmjs.org/full-width/-/full-width-1.0.0.tgz",
      "integrity": "sha512-s/a/XCR1lU1i5B980t3+pufVE7h2p3Rw+hLd6qHIZT3f7pt92gSLM+G/uS44OaUvj8L1hSo1yfa0v8n22oUlw=="
    },
    "node_modules/gaxios": {
      "version": "6.6.0",
      "resolved": "https://registry.npmjs.org/gaxios/-/gaxios-6.6.0.tgz",
      "integrity": "sha512-Y4sIswP1B0D6g8p2i1+eFplC2JSCePQs7EZEc6u9B2d4qTCm9pBP1N4WjD4xKqLSyTIrAi2cCS+U7S1dKk3sXQ==",
      "dependencies": {
        "gcp-metadata": "^6.0.0",
        "gtoken": "^8.0.0",
        "http-proxy-agent": "^7.0.0",
        "https-proxy-agent": "^7.0.1",
        "is-stream": "^3.0.0",
        "node-fetch": "^3.2.10"
      },
      "engines": {
        "node": ">=14"
      }
    },
    "node_modules/gcp-metadata": {
      "version": "6.0.0",
      "resolved": "https://registry.npmjs.org/gcp-metadata/-/gcp-metadata-6.0.0.tgz",
      "integrity": "sha512-2R+aXtXxm2zQn3lO79CgHqB5O6iAv2n8pXg5hMs0vTqB/2T2kqQ6wpw6p4yTMMRMPzT0eWTotqY5Z8f/mYQxmw==",
      "dependencies": {
        "gaxios": "^6.2.0"
      },
      "engines": {
        "node": ">=14"
      }
    },
    "node_modules/google-auth-library": {
      "version": "9.9.0",
      "resolved": "https://registry.npmjs.org/google-auth-library/-/google-auth-library-9.9.0.tgz",
      "integrity": "sha512-2/gH9rLz1rP8iA1Y92G31A2S5zQN+jQ2mn6pC8K0T7Sja3c5cUuA7fX7k7AzIyu48zI9q3z3CknkfoH+Sj/xw==",
      "dependencies": {
        "gaxios": "^6.1.1",
        "gcp-metadata": "^6.0.0",
        "gtoken": "^8.0.0",
        "fast-deep-equal": "^3.1.3",
        "jwa": "^2.0.0",
        "jws": "^4.0.0",
        "lru-cache": "^10.0.1"
      },
      "engines": {
        "node": ">=14"
      }
    },
    "node_modules/google-gax": {
      "version": "4.3.3",
      "resolved": "https://registry.npmjs.org/google-gax/-/google-gax-4.3.3.tgz",
      "integrity": "sha512-odP5jtaf9fJ25mH1Kx3iV+X+MvW7z+r5T+u9efZXE4tQjRQs59Id5o2a563uJLVvV05j2w5eG2PqgXhX+F+6XQ==",
      "dependencies": {
        "@grpc/grpc-js": "^1.8.14",
        "fast-deep-equal": "^3.1.3",
        "gaxios": "^6.1.1",
        "google-auth-library": "^9.0.0",
        "protobufjs": "^7.2.5"
      },
      "engines": {
        "node": ">=14.0.0"
      }
    },
    "node_modules/gtoken": {
      "version": "8.0.0",
      "resolved": "https://registry.npmjs.org/gtoken/-/gtoken-8.0.0.tgz",
      "integrity": "sha512-Y1bVyAxcxG4eACnKkMDUl6hQ+o+tmc7LKO7Icrxt4tccVSAj09aA3N8y6j81pCHx93gA6GHmMG2S75M5n4rS9w==",
      "dependencies": {
        "gaxios": "^6.2.0",
        "google-auth-library": "^9.6.3",
        "jws": "^4.0.0"
      },
      "engines": {
        "node": ">=14.0.0"
      }
    },
    "node_modules/http-proxy-agent": {
      "version": "7.0.2",
      "resolved": "https://registry.npmjs.org/http-proxy-agent/-/http-proxy-agent-7.0.2.tgz",
      "integrity": "sha512-p/p5a/z/D0Dmc82U31k6VCV4gY3HqQj34bT6v82a8bXw6l0T8z2A0s2/hC5gYNB8s3TTOqgI0jF59g==",
      "dependencies": {
        "@types/node": ">=16",
        "agent-base": "^7.1.0"
      },
      "engines": {
        "node": ">= 16"
      }
    },
    "node_modules/http-proxy-agent/node_modules/agent-base": {
      "version": "7.1.0",
      "resolved": "https://registry.npmjs.org/agent-base/-/agent-base-7.1.0.tgz",
      "integrity": "sha512-x2h2/g5N5/w33w79NnV5v52D2z4QkAh23886oJ52SxxpP6qahCj2o6L333Hn+4jdb68y2xP3jyh9qj6aEccXg==",
      "dependencies": {
        "@types/node": ">=16"
      },
      "engines": {
        "node": ">= 16"
      }
    },
    "node_modules/https-proxy-agent": {
      "version": "7.0.4",
      "resolved": "https://registry.npmjs.org/https-proxy-agent/-/https-proxy-agent-7.0.4.tgz",
      "integrity": "sha512-1Wb2d5mD5k4GNy+f4IdyOl9A33Ky1VAMo52dB21V4G4K3nU/o1bZ8jt4Z+OKv4I8517f93sE/4k9I5s/o4o1nw==",
      "dependencies": {
        "@types/node": ">=16",
        "agent-base": "^7.1.0"
      },
      "engines": {
        "node": ">= 16"
      }
    },
    "node_modules/https-proxy-agent/node_modules/agent-base": {
      "version": "7.1.0",
      "resolved": "https://registry.npmjs.org/agent-base/-/agent-base-7.1.0.tgz",
      "integrity": "sha512-x2h2/g5N5/w33w79NnV5v52D2z4QkAh23886oJ52SxxpP6qahCj2o6L333Hn+4jdb68y2xP3jyh9qj6aEccXg==",
      "dependencies": {
        "@types/node": ">=16"
      },
      "engines": {
        "node": ">= 16"
      }
    },
    "node_modules/is-fullwidth-code-point": {
      "version": "3.0.0",
      "resolved": "https://registry.npmjs.org/is-fullwidth-code-point/-/is-fullwidth-code-point-3.0.0.tgz",
      "integrity": "sha512-zymm5+u+sCsSWyD9qNaejV3DFvhCKclKdizYaJUuHA83RLjb7nSuG3AqKdkpvBPamwfU+IGHUyWNtmFw2vKZwQ==",
      "engines": {
        "node": ">=8"
      }
    },
    "node_modules/is-stream": {
      "version": "3.0.0",
      "resolved": "https://registry.npmjs.org/is-stream/-/is-stream-3.0.0.tgz",
      "integrity": "sha512-xB+qgO4X3255aB33l45y64vU7Y5f9d2TE3s+47d5pOK98vR9kIEv33b3n63p338s3y36pX2N3553wLA84how==",
      "engines": {
        "node": ">=12"
      },
      "funding": {
        "url": "https://github.com/sponsors/sindresorhus"
      }
    },
    "node_modules/jwa": {
      "version": "2.0.0",
      "resolved": "https://registry.npmjs.org/jwa/-/jwa-2.0.0.tgz",
      "integrity": "sha512-pfgjX53hzzqn1k2j4S3TfN3rlsI7i3UPEIX+Y2hIe++b/5y5MbUMn1e133Vn10z41ma3YtDk/2A86I43Yxp5pA==",
      "dependencies": {
        "buffer-equal-constant-time": "1.0.1",
        "safe-buffer": "5.2.1"
      }
    },
    "node_modules/jws": {
      "version": "4.0.0",
      "resolved": "https://registry.npmjs.org/jws/-/jws-4.0.0.tgz",
      "integrity": "sha512-I+v3A4o06yB+tXy15nS/y6/G5zS4S8yb533i7S3V3X24pQ70IeE63w65Qy1g2NN5p+r68Vz44s5YCA==",
      "dependencies": {
        "jwa": "^2.0.0",
        "safe-buffer": "^5.2.1"
      }
    },
    "node_modules/lru-cache": {
      "version": "10.2.2",
      "resolved": "https://registry.npmjs.org/lru-cache/-/lru-cache-10.2.2.tgz",
      "integrity": "sha512-b5hI3h3UC3gIub2y393Ok2MLOur1nQ3C0d7a6MSi2i1T56GD2SP4XvO33AxDEsbu4V3C2t+g9+16a24y5v1s/A==",
      "engines": {
        "node": "14 || >=16.14"
      }
    },
    "node_modules/lru-queue": {
      "version": "0.1.0",
      "resolved": "https://registry.npmjs.org/lru-queue/-/lru-queue-0.1.0.tgz",
      "integrity": "sha512-8/5/N1+GJx27Nr52o9e2r8NBxTz1s9s31f6f8/6k21vEqf+3sX+r2x3b5f333i85KEvj+2xR44wz7B8o9w=="
    },
    "node_modules/safe-buffer": {
      "version": "5.2.1",
      "resolved": "https://registry.npmjs.org/safe-buffer/-/safe-buffer-5.2.1.tgz",
      "integrity": "sha512-rp3So07Kyt0B8pJudSabNQ0_PgDGHqIsy4KalombdyBEdY9NPXa43i9hatNss2XgcFMrK2THIEenGpSbp322SXA==",
      "funding": [
        {
          "type": "github",
          "url": "https://github.com/sponsors/feross"
        },
        {
          "type": "patreon",
          "url": "https://www.patreon.com/feross"
        },
        {
          "type": "consulting",
          "url": "https://feross.org/support"
        }
      ]
    },
    "node_modules/string-width": {
      "version": "4.2.3",
      "resolved": "https://registry.npmjs.org/string-width/-/string-width-4.2.3.tgz",
      "integrity": "sha512-wKyQRQpjJ0sIp62ErSZdGsjMJWb+s/A0eMHeyNMW3RCCMKBgjgC2AXEu2zkgOKc62DAGtmMAe3Mmcreq5w3msA==",
      "dependencies": {
        "emoji-regex": "^8.0.0",
        "is-fullwidth-code-point": "^3.0.0",
        "strip-ansi": "^6.0.1"
      },
      "engines": {
        "node": ">=8"
      }
    },
    "node_modules/strip-ansi": {
      "version": "6.0.1",
      "resolved": "https://registry.npmjs.org/strip-ansi/-/strip-ansi-6.0.1.tgz",
      "integrity": "sha512-Y38VPSHcqkFrg2gZuGHyXoYUgjKYO7ZoKreWg4hxdPJMYNr0ekv2SjcPILXBXGwxugGZNiMo9ecQapt+rRgHASg==",
      "dependencies": {
        "ansi-regex": "^5.0.1"
      },
      "engines": {
        "node": ">=8"
      }
    },
    "node_modules/undici-types": {
      "version": "5.26.5",
      "resolved": "https://registry.npmjs.org/undici-types/-/undici-types-5.26.5.tgz",
      "integrity": "sha512-JlCMO+ehdEIKqlFxk6+2cD/S64GISGdU+E5molG2ZKJ+6f+2yAb+TVzBMwXG0xZFelMjsvegnqsJet9IVJuzug=="
    },
    "node_modules/vary": {
      "version": "1.1.2",
      "resolved": "https://registry.npmjs.org/vary/-/vary-1.1.2.tgz",
      "integrity": "sha512-BNGb1ssiA3zKfTz3mJ5+4d2BqA21at+n4jKl/pTr3B7c2F/d0f3s32bMAwz24i322s/1a32ZN/Tj2r594w+nVA==",
      "engines": {
        "node": ">= 0.8"
      }
    },
    "node_modules/web-push": {
      "version": "3.6.7",
      "resolved": "https://registry.npmjs.org/web-push/-/web-push-3.6.7.tgz",
      "integrity": "sha512-/2m58PVv52D56k+33d3N7zBw9/18w9lYh/y8pCxG3O7mK7p8mO1+5s0w6jKWz9L8fI3w3yHM2Q+c6f+Gg==",
      "dependencies": {
        "http_ece": "1.1.0",
        "jws": "3.2.2",
        "lru-queue": "0.1.0",
        "urlsafe-base64": "1.0.0"
      },
      "bin": {
        "web-push": "src/cli.js"
      },
      "engines": {
        "node": ">=10.0.0"
      }
    },
    "node_modules/web-push/node_modules/jws": {
      "version": "3.2.2",
      "resolved": "https://registry.npmjs.org/jws/-/jws-3.2.2.tgz",
      "integrity": "sha512-YHl6S90n2wT7d3sJJkK6u54aJzS+iN+X50iL1/54Efz3n2+P9iS2k1N33z5iQn53BABsY4572f6xBu+3w==",
      "dependencies": {
        "jwa": "1.4.1",
        "safe-buffer": "5.2.1"
      }
    },
    "node_modules/web-push/node_modules/jwa": {
      "version": "1.4.1",
      "resolved": "https://registry.npmjs.org/jwa/-/jwa-1.4.1.tgz",
      "integrity": "sha512-q251/15+s2j+u4o0Nl33z3C3Jr92Vp6j2hAndlB5S4Tval+s8JPXb2f6l3+2cnzxF90l/4d+A323sS1s4i3DqA==",
      "dependencies": {
        "buffer-equal-constant-time": "1.0.1",
        "ecdsa-sig-formatter": "1.0.11",
        "safe-buffer": "5.2.1"
      }
    },
    "node_modules/wrap-ansi": {
      "version": "7.0.0",
      "resolved": "https://registry.npmjs.org/wrap-ansi/-/wrap-ansi-7.0.0.tgz",
      "integrity": "sha512-YVGIj2kamLSTxw6dAZbWGM3u6z6cVcBuaGyJv8F6DUyW9mwxRxJE3vsFhJuS9MachMriP1ouNensVcF/501cHA==",
      "dependencies": {
        "ansi-styles": "^4.0.0",
        "string-width": "^4.1.0",
        "strip-ansi": "^6.0.0"
      },
      "engines": {
        "node": ">=10"
      },
      "funding": {
        "url": "https://github.com/chalk/wrap-ansi?sponsor=1"
      }
    },
    "node_modules/y18n": {
      "version": "5.0.8",
      "resolved": "https://registry.npmjs.org/y18n/-/y18n-5.0.8.tgz",
      "integrity": "sha512-0pfFzegeDWYxRWCprplbqUjA83sLQMz2WA+2gberWdSukB52BROd3Kva/i/5BERnyhZZ9mkyc7s5BMA+1Yc/pA==",
      "engines": {
        "node": ">=10"
      }
    },
    "node_modules/yargs": {
      "version": "17.7.2",
      "resolved": "https://registry.npmjs.org/yargs/-/yargs-17.7.2.tgz",
      "integrity": "sha512-7dSzzRQ++CKnWhsX1EdeAk9qJ4dGWRj+71h82a/A53J44x3clAVI73yv3D2s4o3vI8sLim+y4J9o363aV1vYPA==",
      "dependencies": {
        "cliui": "^8.0.1",
        "get-caller-file": "^2.0.5",
        "require-directory": "^2.1.1",
        "string-width": "^4.2.3",
        "y18n": "^5.0.5",
        "yargs-parser": "^21.1.1"
      },
      "engines": {
        "node": ">=12"
      }
    },
    "node_modules/yargs-parser": {
      "version": "21.1.1",
      "resolved": "https://registry.npmjs.org/yargs-parser/-/yargs-parser-21.1.1.tgz",
      "integrity": "sha512-tVpsJW7DdjecPx3SP/EYSg+D+We9P+2/f23j24c1v+fGo9a2sInb4m2N2nJHm24bWd53sS13Txbq93cP333yag==",
      "engines": {
        "node": ">=12"
      }
    }
  }
}
